<?xml version="1.0" encoding="utf-8"?>
<Project ToolsVersion="4.0" xmlns="http://schemas.microsoft.com/developer/msbuild/2003">
  <ItemGroup>
    <Filter Include="Source Files">
      <UniqueIdentifier>{4fe32ba8-bbc7-4d04-a3ae-0fd050502f64}</UniqueIdentifier>
    </Filter>
  </ItemGroup>
  <ItemGroup>
    <ClCompile Include="src\main.cpp">
      <Filter>Source Files</Filter>
    </ClCompile>
  </ItemGroup>
  <ItemGroup>
    <Text Include="input.txt">
      <Filter>Source Files</Filter>
    </Text>
    <Text Include="output1.txt">
      <Filter>Source Files</Filter>
    </Text>
    <Text Include="output2.txt">
      <Filter>Source Files</Filter>
    </Text>
    <Text Include="output3.txt">
      <Filter>Source Files</Filter>
    </Text>
  </ItemGroup>
</Project>